// !$*UTF8*$!
{
	archiveVersion = 1;
	classes = {
	};
	objectVersion = 56;
	objects = {

/* Begin PBXBuildFile section */
		8B1C4E372B867FC800917E26 /* ShaurmaFoodApp.swift in Sources */ = {isa = PBXBuildFile; fileRef = 8B1C4E362B867FC800917E26 /* ShaurmaFoodApp.swift */; };
		8B1C4E392B867FC800917E26 /* ContentView.swift in Sources */ = {isa = PBXBuildFile; fileRef = 8B1C4E382B867FC800917E26 /* ContentView.swift */; };
		8B1C4E3B2B867FCA00917E26 /* Assets.xcassets in Resources */ = {isa = PBXBuildFile; fileRef = 8B1C4E3A2B867FCA00917E26 /* Assets.xcassets */; };
		8B1C4E3E2B867FCA00917E26 /* Preview Assets.xcassets in Resources */ = {isa = PBXBuildFile; fileRef = 8B1C4E3D2B867FCA00917E26 /* Preview Assets.xcassets */; };
		8B1C4E492B86824700917E26 /* Color.swift in Sources */ = {isa = PBXBuildFile; fileRef = 8B1C4E482B86824700917E26 /* Color.swift */; };
		8B1C4E512B868B1900917E26 /* logo.png in Resources */ = {isa = PBXBuildFile; fileRef = 8B1C4E502B868B1900917E26 /* logo.png */; };
		8B1C4E532B868B9D00917E26 /* SplashScreenView.swift in Sources */ = {isa = PBXBuildFile; fileRef = 8B1C4E522B868B9D00917E26 /* SplashScreenView.swift */; };
		8B1C4E552B868CFF00917E26 /* CustomText.swift in Sources */ = {isa = PBXBuildFile; fileRef = 8B1C4E542B868CFF00917E26 /* CustomText.swift */; };
		8B1C4E572B86925500917E26 /* WelcomeView.swift in Sources */ = {isa = PBXBuildFile; fileRef = 8B1C4E562B86925500917E26 /* WelcomeView.swift */; };
		8B1C4E592B8692BA00917E26 /* welcome.png in Resources */ = {isa = PBXBuildFile; fileRef = 8B1C4E582B8692BA00917E26 /* welcome.png */; };
		8B1C4E5B2B86970A00917E26 /* CustomButton.swift in Sources */ = {isa = PBXBuildFile; fileRef = 8B1C4E5A2B86970A00917E26 /* CustomButton.swift */; };
		8B1C4E5D2B869B4800917E26 /* Montserrat in Resources */ = {isa = PBXBuildFile; fileRef = 8B1C4E5C2B869B4800917E26 /* Montserrat */; };
		8B1C4E612B869C9300917E26 /* Font.swift in Sources */ = {isa = PBXBuildFile; fileRef = 8B1C4E602B869C9300917E26 /* Font.swift */; };
		8B1C4E632B86AABB00917E26 /* EnterMobileView.swift in Sources */ = {isa = PBXBuildFile; fileRef = 8B1C4E622B86AABB00917E26 /* EnterMobileView.swift */; };
		8B1C4E652B86B59700917E26 /* VerifyMobileCodeView.swift in Sources */ = {isa = PBXBuildFile; fileRef = 8B1C4E642B86B59700917E26 /* VerifyMobileCodeView.swift */; };
		8B4073652B87B7EC00266145 /* CustomTextField.swift in Sources */ = {isa = PBXBuildFile; fileRef = 8B4073642B87B7EC00266145 /* CustomTextField.swift */; };
		8B76F72A2B895EBB00095B48 /* RegisterUserView.swift in Sources */ = {isa = PBXBuildFile; fileRef = 8B76F7292B895EBB00095B48 /* RegisterUserView.swift */; };
		8B76F72C2B8966CD00095B48 /* AccessLocationView.swift in Sources */ = {isa = PBXBuildFile; fileRef = 8B76F72B2B8966CD00095B48 /* AccessLocationView.swift */; };
		8B76F72E2B89677C00095B48 /* location1.png in Resources */ = {isa = PBXBuildFile; fileRef = 8B76F72D2B89677C00095B48 /* location1.png */; };
		8B76F7322B8A256700095B48 /* CustomAlert.swift in Sources */ = {isa = PBXBuildFile; fileRef = 8B76F7312B8A256700095B48 /* CustomAlert.swift */; };
		8B76F7342B8A2CB400095B48 /* Ellipse 17.png in Resources */ = {isa = PBXBuildFile; fileRef = 8B76F7332B8A2CB400095B48 /* Ellipse 17.png */; };
/* End PBXBuildFile section */

/* Begin PBXFileReference section */
		8B1C4E332B867FC800917E26 /* ShaurmaFood.app */ = {isa = PBXFileReference; explicitFileType = wrapper.application; includeInIndex = 0; path = ShaurmaFood.app; sourceTree = BUILT_PRODUCTS_DIR; };
		8B1C4E362B867FC800917E26 /* ShaurmaFoodApp.swift */ = {isa = PBXFileReference; lastKnownFileType = sourcecode.swift; path = ShaurmaFoodApp.swift; sourceTree = "<group>"; };
		8B1C4E382B867FC800917E26 /* ContentView.swift */ = {isa = PBXFileReference; lastKnownFileType = sourcecode.swift; path = ContentView.swift; sourceTree = "<group>"; };
		8B1C4E3A2B867FCA00917E26 /* Assets.xcassets */ = {isa = PBXFileReference; lastKnownFileType = folder.assetcatalog; path = Assets.xcassets; sourceTree = "<group>"; };
		8B1C4E3D2B867FCA00917E26 /* Preview Assets.xcassets */ = {isa = PBXFileReference; lastKnownFileType = folder.assetcatalog; path = "Preview Assets.xcassets"; sourceTree = "<group>"; };
		8B1C4E482B86824700917E26 /* Color.swift */ = {isa = PBXFileReference; lastKnownFileType = sourcecode.swift; path = Color.swift; sourceTree = "<group>"; };
		8B1C4E4D2B8685AD00917E26 /* Info.plist */ = {isa = PBXFileReference; lastKnownFileType = text.plist.xml; path = Info.plist; sourceTree = "<group>"; };
		8B1C4E502B868B1900917E26 /* logo.png */ = {isa = PBXFileReference; lastKnownFileType = image.png; path = logo.png; sourceTree = "<group>"; };
		8B1C4E522B868B9D00917E26 /* SplashScreenView.swift */ = {isa = PBXFileReference; lastKnownFileType = sourcecode.swift; path = SplashScreenView.swift; sourceTree = "<group>"; };
		8B1C4E542B868CFF00917E26 /* CustomText.swift */ = {isa = PBXFileReference; lastKnownFileType = sourcecode.swift; path = CustomText.swift; sourceTree = "<group>"; };
		8B1C4E562B86925500917E26 /* WelcomeView.swift */ = {isa = PBXFileReference; lastKnownFileType = sourcecode.swift; path = WelcomeView.swift; sourceTree = "<group>"; };
		8B1C4E582B8692BA00917E26 /* welcome.png */ = {isa = PBXFileReference; lastKnownFileType = image.png; path = welcome.png; sourceTree = "<group>"; };
		8B1C4E5A2B86970A00917E26 /* CustomButton.swift */ = {isa = PBXFileReference; lastKnownFileType = sourcecode.swift; path = CustomButton.swift; sourceTree = "<group>"; };
		8B1C4E5C2B869B4800917E26 /* Montserrat */ = {isa = PBXFileReference; lastKnownFileType = folder; path = Montserrat; sourceTree = "<group>"; };
		8B1C4E602B869C9300917E26 /* Font.swift */ = {isa = PBXFileReference; lastKnownFileType = sourcecode.swift; path = Font.swift; sourceTree = "<group>"; };
		8B1C4E622B86AABB00917E26 /* EnterMobileView.swift */ = {isa = PBXFileReference; lastKnownFileType = sourcecode.swift; path = EnterMobileView.swift; sourceTree = "<group>"; };
		8B1C4E642B86B59700917E26 /* VerifyMobileCodeView.swift */ = {isa = PBXFileReference; lastKnownFileType = sourcecode.swift; path = VerifyMobileCodeView.swift; sourceTree = "<group>"; };
		8B4073642B87B7EC00266145 /* CustomTextField.swift */ = {isa = PBXFileReference; lastKnownFileType = sourcecode.swift; path = CustomTextField.swift; sourceTree = "<group>"; };
		8B76F7292B895EBB00095B48 /* RegisterUserView.swift */ = {isa = PBXFileReference; lastKnownFileType = sourcecode.swift; path = RegisterUserView.swift; sourceTree = "<group>"; };
		8B76F72B2B8966CD00095B48 /* AccessLocationView.swift */ = {isa = PBXFileReference; lastKnownFileType = sourcecode.swift; path = AccessLocationView.swift; sourceTree = "<group>"; };
		8B76F72D2B89677C00095B48 /* location1.png */ = {isa = PBXFileReference; lastKnownFileType = image.png; path = location1.png; sourceTree = "<group>"; };
		8B76F7312B8A256700095B48 /* CustomAlert.swift */ = {isa = PBXFileReference; lastKnownFileType = sourcecode.swift; path = CustomAlert.swift; sourceTree = "<group>"; };
		8B76F7332B8A2CB400095B48 /* Ellipse 17.png */ = {isa = PBXFileReference; lastKnownFileType = image.png; path = "Ellipse 17.png"; sourceTree = "<group>"; };
/* End PBXFileReference section */

/* Begin PBXFrameworksBuildPhase section */
		8B1C4E302B867FC800917E26 /* Frameworks */ = {
			isa = PBXFrameworksBuildPhase;
			buildActionMask = 2147483647;
			files = (
			);
			runOnlyForDeploymentPostprocessing = 0;
		};
/* End PBXFrameworksBuildPhase section */

/* Begin PBXGroup section */
		8B1C4E2A2B867FC800917E26 = {
			isa = PBXGroup;
			children = (
				8B1C4E352B867FC800917E26 /* ShaurmaFood */,
				8B1C4E342B867FC800917E26 /* Products */,
			);
			sourceTree = "<group>";
		};
		8B1C4E342B867FC800917E26 /* Products */ = {
			isa = PBXGroup;
			children = (
				8B1C4E332B867FC800917E26 /* ShaurmaFood.app */,
			);
			name = Products;
			sourceTree = "<group>";
		};
		8B1C4E352B867FC800917E26 /* ShaurmaFood */ = {
			isa = PBXGroup;
			children = (
				8B1C4E4A2B86852E00917E26 /* source */,
				8B1C4E472B86818000917E26 /* viewModel */,
				8B1C4E462B86817900917E26 /* model */,
				8B1C4E452B86816E00917E26 /* view */,
				8B1C4E442B86816200917E26 /* main */,
				8B1C4E3C2B867FCA00917E26 /* Preview Content */,
			);
			path = ShaurmaFood;
			sourceTree = "<group>";
		};
		8B1C4E3C2B867FCA00917E26 /* Preview Content */ = {
			isa = PBXGroup;
			children = (
				8B1C4E3D2B867FCA00917E26 /* Preview Assets.xcassets */,
			);
			path = "Preview Content";
			sourceTree = "<group>";
		};
		8B1C4E442B86816200917E26 /* main */ = {
			isa = PBXGroup;
			children = (
				8B1C4E362B867FC800917E26 /* ShaurmaFoodApp.swift */,
				8B1C4E3A2B867FCA00917E26 /* Assets.xcassets */,
				8B1C4E4D2B8685AD00917E26 /* Info.plist */,
			);
			path = main;
			sourceTree = "<group>";
		};
		8B1C4E452B86816E00917E26 /* view */ = {
			isa = PBXGroup;
			children = (
				8B1C4E382B867FC800917E26 /* ContentView.swift */,
				8B1C4E522B868B9D00917E26 /* SplashScreenView.swift */,
				8B1C4E562B86925500917E26 /* WelcomeView.swift */,
				8B1C4E622B86AABB00917E26 /* EnterMobileView.swift */,
				8B1C4E642B86B59700917E26 /* VerifyMobileCodeView.swift */,
				8B76F7292B895EBB00095B48 /* RegisterUserView.swift */,
				8B76F72B2B8966CD00095B48 /* AccessLocationView.swift */,
			);
			path = view;
			sourceTree = "<group>";
		};
		8B1C4E462B86817900917E26 /* model */ = {
			isa = PBXGroup;
			children = (
				8B1C4E482B86824700917E26 /* Color.swift */,
				8B1C4E542B868CFF00917E26 /* CustomText.swift */,
				8B1C4E5A2B86970A00917E26 /* CustomButton.swift */,
				8B1C4E602B869C9300917E26 /* Font.swift */,
				8B4073642B87B7EC00266145 /* CustomTextField.swift */,
				8B76F7312B8A256700095B48 /* CustomAlert.swift */,
			);
			path = model;
			sourceTree = "<group>";
		};
		8B1C4E472B86818000917E26 /* viewModel */ = {
			isa = PBXGroup;
			children = (
			);
			path = viewModel;
			sourceTree = "<group>";
		};
		8B1C4E4A2B86852E00917E26 /* source */ = {
			isa = PBXGroup;
			children = (
				8B1C4E5F2B869B5F00917E26 /* Image */,
				8B1C4E5E2B869B5500917E26 /* Font */,
			);
			path = source;
			sourceTree = "<group>";
		};
		8B1C4E5E2B869B5500917E26 /* Font */ = {
			isa = PBXGroup;
			children = (
				8B1C4E5C2B869B4800917E26 /* Montserrat */,
			);
			path = Font;
			sourceTree = "<group>";
		};
		8B1C4E5F2B869B5F00917E26 /* Image */ = {
			isa = PBXGroup;
			children = (
				8B76F7332B8A2CB400095B48 /* Ellipse 17.png */,
				8B76F72D2B89677C00095B48 /* location1.png */,
				8B1C4E582B8692BA00917E26 /* welcome.png */,
				8B1C4E502B868B1900917E26 /* logo.png */,
			);
			path = Image;
			sourceTree = "<group>";
		};
/* End PBXGroup section */

/* Begin PBXNativeTarget section */
		8B1C4E322B867FC800917E26 /* ShaurmaFood */ = {
			isa = PBXNativeTarget;
			buildConfigurationList = 8B1C4E412B867FCA00917E26 /* Build configuration list for PBXNativeTarget "ShaurmaFood" */;
			buildPhases = (
				8B1C4E2F2B867FC800917E26 /* Sources */,
				8B1C4E302B867FC800917E26 /* Frameworks */,
				8B1C4E312B867FC800917E26 /* Resources */,
			);
			buildRules = (
			);
			dependencies = (
			);
			name = ShaurmaFood;
			productName = ShaurmaFood;
			productReference = 8B1C4E332B867FC800917E26 /* ShaurmaFood.app */;
			productType = "com.apple.product-type.application";
		};
/* End PBXNativeTarget section */

/* Begin PBXProject section */
		8B1C4E2B2B867FC800917E26 /* Project object */ = {
			isa = PBXProject;
			attributes = {
				BuildIndependentTargetsInParallel = 1;
				LastSwiftUpdateCheck = 1520;
				LastUpgradeCheck = 1520;
				TargetAttributes = {
					8B1C4E322B867FC800917E26 = {
						CreatedOnToolsVersion = 15.2;
					};
				};
			};
			buildConfigurationList = 8B1C4E2E2B867FC800917E26 /* Build configuration list for PBXProject "ShaurmaFood" */;
			compatibilityVersion = "Xcode 14.0";
			developmentRegion = en;
			hasScannedForEncodings = 0;
			knownRegions = (
				en,
				Base,
			);
			mainGroup = 8B1C4E2A2B867FC800917E26;
			productRefGroup = 8B1C4E342B867FC800917E26 /* Products */;
			projectDirPath = "";
			projectRoot = "";
			targets = (
				8B1C4E322B867FC800917E26 /* ShaurmaFood */,
			);
		};
/* End PBXProject section */

/* Begin PBXResourcesBuildPhase section */
		8B1C4E312B867FC800917E26 /* Resources */ = {
			isa = PBXResourcesBuildPhase;
			buildActionMask = 2147483647;
			files = (
				8B76F7342B8A2CB400095B48 /* Ellipse 17.png in Resources */,
				8B1C4E5D2B869B4800917E26 /* Montserrat in Resources */,
				8B1C4E512B868B1900917E26 /* logo.png in Resources */,
				8B1C4E592B8692BA00917E26 /* welcome.png in Resources */,
				8B1C4E3E2B867FCA00917E26 /* Preview Assets.xcassets in Resources */,
				8B76F72E2B89677C00095B48 /* location1.png in Resources */,
				8B1C4E3B2B867FCA00917E26 /* Assets.xcassets in Resources */,
			);
			runOnlyForDeploymentPostprocessing = 0;
		};
/* End PBXResourcesBuildPhase section */

/* Begin PBXSourcesBuildPhase section */
		8B1C4E2F2B867FC800917E26 /* Sources */ = {
			isa = PBXSourcesBuildPhase;
			buildActionMask = 2147483647;
			files = (
				8B76F72A2B895EBB00095B48 /* RegisterUserView.swift in Sources */,
				8B1C4E652B86B59700917E26 /* VerifyMobileCodeView.swift in Sources */,
				8B1C4E392B867FC800917E26 /* ContentView.swift in Sources */,
				8B1C4E572B86925500917E26 /* WelcomeView.swift in Sources */,
				8B1C4E372B867FC800917E26 /* ShaurmaFoodApp.swift in Sources */,
				8B1C4E492B86824700917E26 /* Color.swift in Sources */,
				8B1C4E612B869C9300917E26 /* Font.swift in Sources */,
				8B1C4E5B2B86970A00917E26 /* CustomButton.swift in Sources */,
				8B1C4E532B868B9D00917E26 /* SplashScreenView.swift in Sources */,
				8B76F72C2B8966CD00095B48 /* AccessLocationView.swift in Sources */,
				8B1C4E632B86AABB00917E26 /* EnterMobileView.swift in Sources */,
				8B1C4E552B868CFF00917E26 /* CustomText.swift in Sources */,
				8B4073652B87B7EC00266145 /* CustomTextField.swift in Sources */,
				8B76F7322B8A256700095B48 /* CustomAlert.swift in Sources */,
			);
			runOnlyForDeploymentPostprocessing = 0;
		};
/* End PBXSourcesBuildPhase section */

/* Begin XCBuildConfiguration section */
		8B1C4E3F2B867FCA00917E26 /* Debug */ = {
			isa = XCBuildConfiguration;
			buildSettings = {
				ALWAYS_SEARCH_USER_PATHS = NO;
				ASSETCATALOG_COMPILER_GENERATE_SWIFT_ASSET_SYMBOL_EXTENSIONS = YES;
				CLANG_ANALYZER_NONNULL = YES;
				CLANG_ANALYZER_NUMBER_OBJECT_CONVERSION = YES_AGGRESSIVE;
				CLANG_CXX_LANGUAGE_STANDARD = "gnu++20";
				CLANG_ENABLE_MODULES = YES;
				CLANG_ENABLE_OBJC_ARC = YES;
				CLANG_ENABLE_OBJC_WEAK = YES;
				CLANG_WARN_BLOCK_CAPTURE_AUTORELEASING = YES;
				CLANG_WARN_BOOL_CONVERSION = YES;
				CLANG_WARN_COMMA = YES;
				CLANG_WARN_CONSTANT_CONVERSION = YES;
				CLANG_WARN_DEPRECATED_OBJC_IMPLEMENTATIONS = YES;
				CLANG_WARN_DIRECT_OBJC_ISA_USAGE = YES_ERROR;
				CLANG_WARN_DOCUMENTATION_COMMENTS = YES;
				CLANG_WARN_EMPTY_BODY = YES;
				CLANG_WARN_ENUM_CONVERSION = YES;
				CLANG_WARN_INFINITE_RECURSION = YES;
				CLANG_WARN_INT_CONVERSION = YES;
				CLANG_WARN_NON_LITERAL_NULL_CONVERSION = YES;
				CLANG_WARN_OBJC_IMPLICIT_RETAIN_SELF = YES;
				CLANG_WARN_OBJC_LITERAL_CONVERSION = YES;
				CLANG_WARN_OBJC_ROOT_CLASS = YES_ERROR;
				CLANG_WARN_QUOTED_INCLUDE_IN_FRAMEWORK_HEADER = YES;
				CLANG_WARN_RANGE_LOOP_ANALYSIS = YES;
				CLANG_WARN_STRICT_PROTOTYPES = YES;
				CLANG_WARN_SUSPICIOUS_MOVE = YES;
				CLANG_WARN_UNGUARDED_AVAILABILITY = YES_AGGRESSIVE;
				CLANG_WARN_UNREACHABLE_CODE = YES;
				CLANG_WARN__DUPLICATE_METHOD_MATCH = YES;
				COPY_PHASE_STRIP = NO;
				DEBUG_INFORMATION_FORMAT = dwarf;
				ENABLE_STRICT_OBJC_MSGSEND = YES;
				ENABLE_TESTABILITY = YES;
				ENABLE_USER_SCRIPT_SANDBOXING = YES;
				GCC_C_LANGUAGE_STANDARD = gnu17;
				GCC_DYNAMIC_NO_PIC = NO;
				GCC_NO_COMMON_BLOCKS = YES;
				GCC_OPTIMIZATION_LEVEL = 0;
				GCC_PREPROCESSOR_DEFINITIONS = (
					"DEBUG=1",
					"$(inherited)",
				);
				GCC_WARN_64_TO_32_BIT_CONVERSION = YES;
				GCC_WARN_ABOUT_RETURN_TYPE = YES_ERROR;
				GCC_WARN_UNDECLARED_SELECTOR = YES;
				GCC_WARN_UNINITIALIZED_AUTOS = YES_AGGRESSIVE;
				GCC_WARN_UNUSED_FUNCTION = YES;
				GCC_WARN_UNUSED_VARIABLE = YES;
				IPHONEOS_DEPLOYMENT_TARGET = 17.2;
				LOCALIZATION_PREFERS_STRING_CATALOGS = YES;
				MTL_ENABLE_DEBUG_INFO = INCLUDE_SOURCE;
				MTL_FAST_MATH = YES;
				ONLY_ACTIVE_ARCH = YES;
				SDKROOT = iphoneos;
				SWIFT_ACTIVE_COMPILATION_CONDITIONS = "DEBUG $(inherited)";
				SWIFT_OPTIMIZATION_LEVEL = "-Onone";
			};
			name = Debug;
		};
		8B1C4E402B867FCA00917E26 /* Release */ = {
			isa = XCBuildConfiguration;
			buildSettings = {
				ALWAYS_SEARCH_USER_PATHS = NO;
				ASSETCATALOG_COMPILER_GENERATE_SWIFT_ASSET_SYMBOL_EXTENSIONS = YES;
				CLANG_ANALYZER_NONNULL = YES;
				CLANG_ANALYZER_NUMBER_OBJECT_CONVERSION = YES_AGGRESSIVE;
				CLANG_CXX_LANGUAGE_STANDARD = "gnu++20";
				CLANG_ENABLE_MODULES = YES;
				CLANG_ENABLE_OBJC_ARC = YES;
				CLANG_ENABLE_OBJC_WEAK = YES;
				CLANG_WARN_BLOCK_CAPTURE_AUTORELEASING = YES;
				CLANG_WARN_BOOL_CONVERSION = YES;
				CLANG_WARN_COMMA = YES;
				CLANG_WARN_CONSTANT_CONVERSION = YES;
				CLANG_WARN_DEPRECATED_OBJC_IMPLEMENTATIONS = YES;
				CLANG_WARN_DIRECT_OBJC_ISA_USAGE = YES_ERROR;
				CLANG_WARN_DOCUMENTATION_COMMENTS = YES;
				CLANG_WARN_EMPTY_BODY = YES;
				CLANG_WARN_ENUM_CONVERSION = YES;
				CLANG_WARN_INFINITE_RECURSION = YES;
				CLANG_WARN_INT_CONVERSION = YES;
				CLANG_WARN_NON_LITERAL_NULL_CONVERSION = YES;
				CLANG_WARN_OBJC_IMPLICIT_RETAIN_SELF = YES;
				CLANG_WARN_OBJC_LITERAL_CONVERSION = YES;
				CLANG_WARN_OBJC_ROOT_CLASS = YES_ERROR;
				CLANG_WARN_QUOTED_INCLUDE_IN_FRAMEWORK_HEADER = YES;
				CLANG_WARN_RANGE_LOOP_ANALYSIS = YES;
				CLANG_WARN_STRICT_PROTOTYPES = YES;
				CLANG_WARN_SUSPICIOUS_MOVE = YES;
				CLANG_WARN_UNGUARDED_AVAILABILITY = YES_AGGRESSIVE;
				CLANG_WARN_UNREACHABLE_CODE = YES;
				CLANG_WARN__DUPLICATE_METHOD_MATCH = YES;
				COPY_PHASE_STRIP = NO;
				DEBUG_INFORMATION_FORMAT = "dwarf-with-dsym";
				ENABLE_NS_ASSERTIONS = NO;
				ENABLE_STRICT_OBJC_MSGSEND = YES;
				ENABLE_USER_SCRIPT_SANDBOXING = YES;
				GCC_C_LANGUAGE_STANDARD = gnu17;
				GCC_NO_COMMON_BLOCKS = YES;
				GCC_WARN_64_TO_32_BIT_CONVERSION = YES;
				GCC_WARN_ABOUT_RETURN_TYPE = YES_ERROR;
				GCC_WARN_UNDECLARED_SELECTOR = YES;
				GCC_WARN_UNINITIALIZED_AUTOS = YES_AGGRESSIVE;
				GCC_WARN_UNUSED_FUNCTION = YES;
				GCC_WARN_UNUSED_VARIABLE = YES;
				IPHONEOS_DEPLOYMENT_TARGET = 17.2;
				LOCALIZATION_PREFERS_STRING_CATALOGS = YES;
				MTL_ENABLE_DEBUG_INFO = NO;
				MTL_FAST_MATH = YES;
				SDKROOT = iphoneos;
				SWIFT_COMPILATION_MODE = wholemodule;
				VALIDATE_PRODUCT = YES;
			};
			name = Release;
		};
		8B1C4E422B867FCA00917E26 /* Debug */ = {
			isa = XCBuildConfiguration;
			buildSettings = {
				ASSETCATALOG_COMPILER_APPICON_NAME = AppIcon;
				ASSETCATALOG_COMPILER_GLOBAL_ACCENT_COLOR_NAME = AccentColor;
				CODE_SIGN_STYLE = Automatic;
				CURRENT_PROJECT_VERSION = 1;
				DEVELOPMENT_ASSET_PATHS = "\"ShaurmaFood/Preview Content\"";
				DEVELOPMENT_TEAM = U5PQY3V94J;
				ENABLE_PREVIEWS = YES;
				GENERATE_INFOPLIST_FILE = YES;
				INFOPLIST_FILE = ShaurmaFood/main/Info.plist;
				INFOPLIST_KEY_UIApplicationSceneManifest_Generation = YES;
				INFOPLIST_KEY_UIApplicationSupportsIndirectInputEvents = YES;
				INFOPLIST_KEY_UILaunchScreen_Generation = YES;
				INFOPLIST_KEY_UISupportedInterfaceOrientations_iPad = "UIInterfaceOrientationPortrait UIInterfaceOrientationPortraitUpsideDown UIInterfaceOrientationLandscapeLeft UIInterfaceOrientationLandscapeRight";
				INFOPLIST_KEY_UISupportedInterfaceOrientations_iPhone = "UIInterfaceOrientationPortrait UIInterfaceOrientationLandscapeLeft UIInterfaceOrientationLandscapeRight";
				LD_RUNPATH_SEARCH_PATHS = (
					"$(inherited)",
					"@executable_path/Frameworks",
				);
				MARKETING_VERSION = 1.0;
				PRODUCT_BUNDLE_IDENTIFIER = bakebrlk.ShaurmaFood;
				PRODUCT_NAME = "$(TARGET_NAME)";
				SWIFT_EMIT_LOC_STRINGS = YES;
				SWIFT_VERSION = 5.0;
				TARGETED_DEVICE_FAMILY = "1,2";
			};
			name = Debug;
		};
		8B1C4E432B867FCA00917E26 /* Release */ = {
			isa = XCBuildConfiguration;
			buildSettings = {
				ASSETCATALOG_COMPILER_APPICON_NAME = AppIcon;
				ASSETCATALOG_COMPILER_GLOBAL_ACCENT_COLOR_NAME = AccentColor;
				CODE_SIGN_STYLE = Automatic;
				CURRENT_PROJECT_VERSION = 1;
				DEVELOPMENT_ASSET_PATHS = "\"ShaurmaFood/Preview Content\"";
				DEVELOPMENT_TEAM = U5PQY3V94J;
				ENABLE_PREVIEWS = YES;
				GENERATE_INFOPLIST_FILE = YES;
				INFOPLIST_FILE = ShaurmaFood/main/Info.plist;
				INFOPLIST_KEY_UIApplicationSceneManifest_Generation = YES;
				INFOPLIST_KEY_UIApplicationSupportsIndirectInputEvents = YES;
				INFOPLIST_KEY_UILaunchScreen_Generation = YES;
				INFOPLIST_KEY_UISupportedInterfaceOrientations_iPad = "UIInterfaceOrientationPortrait UIInterfaceOrientationPortraitUpsideDown UIInterfaceOrientationLandscapeLeft UIInterfaceOrientationLandscapeRight";
				INFOPLIST_KEY_UISupportedInterfaceOrientations_iPhone = "UIInterfaceOrientationPortrait UIInterfaceOrientationLandscapeLeft UIInterfaceOrientationLandscapeRight";
				LD_RUNPATH_SEARCH_PATHS = (
					"$(inherited)",
					"@executable_path/Frameworks",
				);
				MARKETING_VERSION = 1.0;
				PRODUCT_BUNDLE_IDENTIFIER = bakebrlk.ShaurmaFood;
				PRODUCT_NAME = "$(TARGET_NAME)";
				SWIFT_EMIT_LOC_STRINGS = YES;
				SWIFT_VERSION = 5.0;
				TARGETED_DEVICE_FAMILY = "1,2";
			};
			name = Release;
		};
/* End XCBuildConfiguration section */

/* Begin XCConfigurationList section */
		8B1C4E2E2B867FC800917E26 /* Build configuration list for PBXProject "ShaurmaFood" */ = {
			isa = XCConfigurationList;
			buildConfigurations = (
				8B1C4E3F2B867FCA00917E26 /* Debug */,
				8B1C4E402B867FCA00917E26 /* Release */,
			);
			defaultConfigurationIsVisible = 0;
			defaultConfigurationName = Release;
		};
		8B1C4E412B867FCA00917E26 /* Build configuration list for PBXNativeTarget "ShaurmaFood" */ = {
			isa = XCConfigurationList;
			buildConfigurations = (
				8B1C4E422B867FCA00917E26 /* Debug */,
				8B1C4E432B867FCA00917E26 /* Release */,
			);
			defaultConfigurationIsVisible = 0;
			defaultConfigurationName = Release;
		};
/* End XCConfigurationList section */
	};
	rootObject = 8B1C4E2B2B867FC800917E26 /* Project object */;
}
